{
  "originHash" : "0721bb9cf8204a9bef071d61fc6a28ce6b2ff337b34a3a80cf8d30138ee5b82a",
  "pins" : [
    {
      "identity" : "asn1decoder",
      "kind" : "remoteSourceControl",
      "location" : "https://github.com/filom/ASN1Decoder",
      "state" : {
        "revision" : "7e1523662c69d019a3299bbfb22fb824141dd1f6",
        "version" : "1.10.0"
      }
    },
    {
      "identity" : "punycodeswift",
      "kind" : "remoteSourceControl",
      "location" : "https://github.com/gumob/PunycodeSwift",
      "state" : {
        "revision" : "30a462bdb4398ea835a3585472229e0d74b36ba5",
        "version" : "3.0.0"
      }
    }
  ],
  "version" : 3
}
